
Microsoft Visual Studio Solution File, Format Version 12.00
# Visual Studio 2012
Project("{8BC9CEB8-8B4A-11D0-8D11-00A0C91BC942}") = "${YYProjectName}", "${YYProjectName}.vcxproj", "${YYProjectGUID}"
EndProject
Global
	GlobalSection(SolutionConfigurationPlatforms) = preSolution
		Debug|ORBIS = Debug|ORBIS
		Release|ORBIS = Release|ORBIS
	EndGlobalSection
	GlobalSection(ProjectConfigurationPlatforms) = postSolution
		${YYProjectGUID}.Debug|ORBIS.ActiveCfg = Debug|ORBIS
		${YYProjectGUID}.Debug|ORBIS.Build.0 = Debug|ORBIS
		${YYProjectGUID}.Release|ORBIS.ActiveCfg = Release|ORBIS
		${YYProjectGUID}.Release|ORBIS.Build.0 = Release|ORBIS
	EndGlobalSection
	GlobalSection(SolutionProperties) = preSolution
		HideSolutionNode = FALSE
	EndGlobalSection
EndGlobal
